
Microsoft Visual Studio Solution File, Format Version 12.00
# Visual Studio Version 17
VisualStudioVersion = 17.9.34714.143
MinimumVisualStudioVersion = 10.0.40219.1
Project("{2150E333-8FDC-42A3-9474-1A3956D46DE8}") = "1.Src", "1.Src", "{28FA60F1-F110-4884-9188-FE239574F0FD}"
EndProject
Project("{2150E333-8FDC-42A3-9474-1A3956D46DE8}") = "2.Other", "2.Other", "{20EB1AA9-0BC2-44AA-B89D-71E8DA562A0F}"
	ProjectSection(SolutionItems) = preProject
		.editorconfig = .editorconfig
		.gitignore = .gitignore
		CodeMaid.config = CodeMaid.config
		props\common.props = props\common.props
		nuget\LICENSE = nuget\LICENSE
		nuget\readme.md = nuget\readme.md
		nuget\readme.png = nuget\readme.png
		snks\WithoutMe.snk = snks\WithoutMe.snk
	EndProjectSection
EndProject
Project("{9A19103F-16F7-4668-BE54-9A1E7A4F7556}") = "WithoutMe.Domain", "src\WithoutMe.Domain\WithoutMe.Domain.csproj", "{58EE39DF-1122-4A7B-A6A9-8AADC7DAB5D2}"
EndProject
Project("{9A19103F-16F7-4668-BE54-9A1E7A4F7556}") = "WithoutMe.Application", "src\WithoutMe.Application\WithoutMe.Application.csproj", "{44780039-4DBB-4CBF-8277-790034810098}"
EndProject
Project("{9A19103F-16F7-4668-BE54-9A1E7A4F7556}") = "WithoutMe.Presentation.WebHost", "src\WithoutMe.Presentation.WebHost\WithoutMe.Presentation.WebHost.csproj", "{5B6BC304-FBA0-446C-AA66-57C0011003A5}"
EndProject
Project("{9A19103F-16F7-4668-BE54-9A1E7A4F7556}") = "WithoutMe.Domain.Shared", "src\WithoutMe.Domain.Shared\WithoutMe.Domain.Shared.csproj", "{7DAB10CE-0A18-46A0-9F73-1872A54DA0E4}"
EndProject
Project("{9A19103F-16F7-4668-BE54-9A1E7A4F7556}") = "WithoutMe.Infrastructure.Persistence", "src\WithoutMe.Infrastructure.Persistence\WithoutMe.Infrastructure.Persistence.csproj", "{96F6B315-B510-4B2E-9CB0-8F9C50CBCD1A}"
EndProject
Project("{2150E333-8FDC-42A3-9474-1A3956D46DE8}") = "2.Domain", "2.Domain", "{004B7C23-4B17-4689-ABF3-1DE9A610E0F7}"
EndProject
Project("{2150E333-8FDC-42A3-9474-1A3956D46DE8}") = "3.Infrastructure", "3.Infrastructure", "{01B031D6-130B-41CD-ADDD-EE1D3BE12123}"
EndProject
Project("{2150E333-8FDC-42A3-9474-1A3956D46DE8}") = "4.Application", "4.Application", "{6450DD10-038F-4973-AF9B-BB0921180C5C}"
EndProject
Project("{2150E333-8FDC-42A3-9474-1A3956D46DE8}") = "5.Presentation", "5.Presentation", "{A65F567E-597B-4B03-AF06-1AD1682C9914}"
EndProject
Project("{9A19103F-16F7-4668-BE54-9A1E7A4F7556}") = "WithoutMe.Infrastructure.Caching", "src\WithoutMe.Infrastructure.Caching\WithoutMe.Infrastructure.Caching.csproj", "{3DECAF89-0A4B-4331-ACB4-79D364034CFB}"
EndProject
Project("{2150E333-8FDC-42A3-9474-1A3956D46DE8}") = "1.Common", "1.Common", "{FD2193C7-3D92-4B41-81CB-29BA36A3D6D0}"
EndProject
Project("{9A19103F-16F7-4668-BE54-9A1E7A4F7556}") = "WithoutMe.Core", "src\WithoutMe.Core\WithoutMe.Core.csproj", "{25B8EE0D-D994-4B21-9810-8F14DBA1012D}"
EndProject
Project("{FAE04EC0-301F-11D3-BF4B-00C04F79EFBC}") = "WithoutMe.Application.Contracts", "src\WithoutMe.Application.Contracts\WithoutMe.Application.Contracts.csproj", "{4E35A0BB-F17B-4481-BD49-D4D4AC8A49E8}"
EndProject
Project("{FAE04EC0-301F-11D3-BF4B-00C04F79EFBC}") = "WithoutMe.Presentation.HttpApi", "src\WithoutMe.Presentation.HttpApi\WithoutMe.Presentation.HttpApi.csproj", "{145068FB-2747-4A77-A6EC-2FD38E1DF6F7}"
EndProject
Global
	GlobalSection(SolutionConfigurationPlatforms) = preSolution
		Debug|Any CPU = Debug|Any CPU
		Release|Any CPU = Release|Any CPU
	EndGlobalSection
	GlobalSection(ProjectConfigurationPlatforms) = postSolution
		{58EE39DF-1122-4A7B-A6A9-8AADC7DAB5D2}.Debug|Any CPU.ActiveCfg = Debug|Any CPU
		{58EE39DF-1122-4A7B-A6A9-8AADC7DAB5D2}.Debug|Any CPU.Build.0 = Debug|Any CPU
		{58EE39DF-1122-4A7B-A6A9-8AADC7DAB5D2}.Release|Any CPU.ActiveCfg = Release|Any CPU
		{58EE39DF-1122-4A7B-A6A9-8AADC7DAB5D2}.Release|Any CPU.Build.0 = Release|Any CPU
		{44780039-4DBB-4CBF-8277-790034810098}.Debug|Any CPU.ActiveCfg = Debug|Any CPU
		{44780039-4DBB-4CBF-8277-790034810098}.Debug|Any CPU.Build.0 = Debug|Any CPU
		{44780039-4DBB-4CBF-8277-790034810098}.Release|Any CPU.ActiveCfg = Release|Any CPU
		{44780039-4DBB-4CBF-8277-790034810098}.Release|Any CPU.Build.0 = Release|Any CPU
		{5B6BC304-FBA0-446C-AA66-57C0011003A5}.Debug|Any CPU.ActiveCfg = Debug|Any CPU
		{5B6BC304-FBA0-446C-AA66-57C0011003A5}.Debug|Any CPU.Build.0 = Debug|Any CPU
		{5B6BC304-FBA0-446C-AA66-57C0011003A5}.Release|Any CPU.ActiveCfg = Release|Any CPU
		{5B6BC304-FBA0-446C-AA66-57C0011003A5}.Release|Any CPU.Build.0 = Release|Any CPU
		{7DAB10CE-0A18-46A0-9F73-1872A54DA0E4}.Debug|Any CPU.ActiveCfg = Debug|Any CPU
		{7DAB10CE-0A18-46A0-9F73-1872A54DA0E4}.Debug|Any CPU.Build.0 = Debug|Any CPU
		{7DAB10CE-0A18-46A0-9F73-1872A54DA0E4}.Release|Any CPU.ActiveCfg = Release|Any CPU
		{7DAB10CE-0A18-46A0-9F73-1872A54DA0E4}.Release|Any CPU.Build.0 = Release|Any CPU
		{96F6B315-B510-4B2E-9CB0-8F9C50CBCD1A}.Debug|Any CPU.ActiveCfg = Debug|Any CPU
		{96F6B315-B510-4B2E-9CB0-8F9C50CBCD1A}.Debug|Any CPU.Build.0 = Debug|Any CPU
		{96F6B315-B510-4B2E-9CB0-8F9C50CBCD1A}.Release|Any CPU.ActiveCfg = Release|Any CPU
		{96F6B315-B510-4B2E-9CB0-8F9C50CBCD1A}.Release|Any CPU.Build.0 = Release|Any CPU
		{3DECAF89-0A4B-4331-ACB4-79D364034CFB}.Debug|Any CPU.ActiveCfg = Debug|Any CPU
		{3DECAF89-0A4B-4331-ACB4-79D364034CFB}.Debug|Any CPU.Build.0 = Debug|Any CPU
		{3DECAF89-0A4B-4331-ACB4-79D364034CFB}.Release|Any CPU.ActiveCfg = Release|Any CPU
		{3DECAF89-0A4B-4331-ACB4-79D364034CFB}.Release|Any CPU.Build.0 = Release|Any CPU
		{25B8EE0D-D994-4B21-9810-8F14DBA1012D}.Debug|Any CPU.ActiveCfg = Debug|Any CPU
		{25B8EE0D-D994-4B21-9810-8F14DBA1012D}.Debug|Any CPU.Build.0 = Debug|Any CPU
		{25B8EE0D-D994-4B21-9810-8F14DBA1012D}.Release|Any CPU.ActiveCfg = Release|Any CPU
		{25B8EE0D-D994-4B21-9810-8F14DBA1012D}.Release|Any CPU.Build.0 = Release|Any CPU
		{4E35A0BB-F17B-4481-BD49-D4D4AC8A49E8}.Debug|Any CPU.ActiveCfg = Debug|Any CPU
		{4E35A0BB-F17B-4481-BD49-D4D4AC8A49E8}.Debug|Any CPU.Build.0 = Debug|Any CPU
		{4E35A0BB-F17B-4481-BD49-D4D4AC8A49E8}.Release|Any CPU.ActiveCfg = Release|Any CPU
		{4E35A0BB-F17B-4481-BD49-D4D4AC8A49E8}.Release|Any CPU.Build.0 = Release|Any CPU
		{145068FB-2747-4A77-A6EC-2FD38E1DF6F7}.Debug|Any CPU.ActiveCfg = Debug|Any CPU
		{145068FB-2747-4A77-A6EC-2FD38E1DF6F7}.Debug|Any CPU.Build.0 = Debug|Any CPU
		{145068FB-2747-4A77-A6EC-2FD38E1DF6F7}.Release|Any CPU.ActiveCfg = Release|Any CPU
		{145068FB-2747-4A77-A6EC-2FD38E1DF6F7}.Release|Any CPU.Build.0 = Release|Any CPU
	EndGlobalSection
	GlobalSection(SolutionProperties) = preSolution
		HideSolutionNode = FALSE
	EndGlobalSection
	GlobalSection(NestedProjects) = preSolution
		{58EE39DF-1122-4A7B-A6A9-8AADC7DAB5D2} = {004B7C23-4B17-4689-ABF3-1DE9A610E0F7}
		{44780039-4DBB-4CBF-8277-790034810098} = {6450DD10-038F-4973-AF9B-BB0921180C5C}
		{5B6BC304-FBA0-446C-AA66-57C0011003A5} = {A65F567E-597B-4B03-AF06-1AD1682C9914}
		{7DAB10CE-0A18-46A0-9F73-1872A54DA0E4} = {004B7C23-4B17-4689-ABF3-1DE9A610E0F7}
		{96F6B315-B510-4B2E-9CB0-8F9C50CBCD1A} = {01B031D6-130B-41CD-ADDD-EE1D3BE12123}
		{004B7C23-4B17-4689-ABF3-1DE9A610E0F7} = {28FA60F1-F110-4884-9188-FE239574F0FD}
		{01B031D6-130B-41CD-ADDD-EE1D3BE12123} = {28FA60F1-F110-4884-9188-FE239574F0FD}
		{6450DD10-038F-4973-AF9B-BB0921180C5C} = {28FA60F1-F110-4884-9188-FE239574F0FD}
		{A65F567E-597B-4B03-AF06-1AD1682C9914} = {28FA60F1-F110-4884-9188-FE239574F0FD}
		{3DECAF89-0A4B-4331-ACB4-79D364034CFB} = {01B031D6-130B-41CD-ADDD-EE1D3BE12123}
		{FD2193C7-3D92-4B41-81CB-29BA36A3D6D0} = {28FA60F1-F110-4884-9188-FE239574F0FD}
		{25B8EE0D-D994-4B21-9810-8F14DBA1012D} = {FD2193C7-3D92-4B41-81CB-29BA36A3D6D0}
		{4E35A0BB-F17B-4481-BD49-D4D4AC8A49E8} = {6450DD10-038F-4973-AF9B-BB0921180C5C}
		{145068FB-2747-4A77-A6EC-2FD38E1DF6F7} = {A65F567E-597B-4B03-AF06-1AD1682C9914}
	EndGlobalSection
	GlobalSection(ExtensibilityGlobals) = postSolution
		SolutionGuid = {AD12BB5A-EB6A-4FA7-A0AD-BEA6178584F5}
	EndGlobalSection
EndGlobal
