
Microsoft Visual Studio Solution File, Format Version 12.00
# Visual Studio Version 17
VisualStudioVersion = 17.9.34714.143
MinimumVisualStudioVersion = 10.0.40219.1
Project("{2150E333-8FDC-42A3-9474-1A3956D46DE8}") = "1.Core", "1.Core", "{28FA60F1-F110-4884-9188-FE239574F0FD}"
EndProject
Project("{2150E333-8FDC-42A3-9474-1A3956D46DE8}") = "2.Test", "2.Test", "{7A3C9D16-7CD5-4C05-A43A-416A239ED8A6}"
EndProject
Project("{2150E333-8FDC-42A3-9474-1A3956D46DE8}") = "3.Other", "3.Other", "{20EB1AA9-0BC2-44AA-B89D-71E8DA562A0F}"
	ProjectSection(SolutionItems) = preProject
		.editorconfig = .editorconfig
		.gitignore = .gitignore
		CodeMaid.config = CodeMaid.config
		props\common.props = props\common.props
		nuget\LICENSE = nuget\LICENSE
		nuget\readme.md = nuget\readme.md
		nuget\readme.png = nuget\readme.png
		snks\WithoutMe.snk = snks\WithoutMe.snk
	EndProjectSection
EndProject
Project("{FAE04EC0-301F-11D3-BF4B-00C04F79EFBC}") = "WithoutMe.Domain", "src\WithoutMe.Domain\WithoutMe.Domain.csproj", "{58EE39DF-1122-4A7B-A6A9-8AADC7DAB5D2}"
EndProject
Project("{FAE04EC0-301F-11D3-BF4B-00C04F79EFBC}") = "WithoutMe.Infrastructure", "src\WithoutMe.Infrastructure\WithoutMe.Infrastructure.csproj", "{50727CC7-1047-41CB-AED1-85D5A9BB57E9}"
EndProject
Project("{9A19103F-16F7-4668-BE54-9A1E7A4F7556}") = "WithoutMe.Application", "src\WithoutMe.Application\WithoutMe.Application.csproj", "{44780039-4DBB-4CBF-8277-790034810098}"
EndProject
Project("{FAE04EC0-301F-11D3-BF4B-00C04F79EFBC}") = "WithoutMe.Presentation.WebHost", "src\WithoutMe.Presentation.WebHost\WithoutMe.Presentation.WebHost.csproj", "{5B6BC304-FBA0-446C-AA66-57C0011003A5}"
EndProject
Project("{FAE04EC0-301F-11D3-BF4B-00C04F79EFBC}") = "WithoutMe.Domain.Shared", "src\WithoutMe.Domain.Shared\WithoutMe.Domain.Shared.csproj", "{7DAB10CE-0A18-46A0-9F73-1872A54DA0E4}"
EndProject
Project("{FAE04EC0-301F-11D3-BF4B-00C04F79EFBC}") = "WithoutMe.Infrastructure.Persistence", "src\WithoutMe.Infrastructure.Persistence\WithoutMe.Infrastructure.Persistence.csproj", "{96F6B315-B510-4B2E-9CB0-8F9C50CBCD1A}"
EndProject
Global
	GlobalSection(SolutionConfigurationPlatforms) = preSolution
		Debug|Any CPU = Debug|Any CPU
		Release|Any CPU = Release|Any CPU
	EndGlobalSection
	GlobalSection(ProjectConfigurationPlatforms) = postSolution
		{58EE39DF-1122-4A7B-A6A9-8AADC7DAB5D2}.Debug|Any CPU.ActiveCfg = Debug|Any CPU
		{58EE39DF-1122-4A7B-A6A9-8AADC7DAB5D2}.Debug|Any CPU.Build.0 = Debug|Any CPU
		{58EE39DF-1122-4A7B-A6A9-8AADC7DAB5D2}.Release|Any CPU.ActiveCfg = Release|Any CPU
		{58EE39DF-1122-4A7B-A6A9-8AADC7DAB5D2}.Release|Any CPU.Build.0 = Release|Any CPU
		{50727CC7-1047-41CB-AED1-85D5A9BB57E9}.Debug|Any CPU.ActiveCfg = Debug|Any CPU
		{50727CC7-1047-41CB-AED1-85D5A9BB57E9}.Debug|Any CPU.Build.0 = Debug|Any CPU
		{50727CC7-1047-41CB-AED1-85D5A9BB57E9}.Release|Any CPU.ActiveCfg = Release|Any CPU
		{50727CC7-1047-41CB-AED1-85D5A9BB57E9}.Release|Any CPU.Build.0 = Release|Any CPU
		{44780039-4DBB-4CBF-8277-790034810098}.Debug|Any CPU.ActiveCfg = Debug|Any CPU
		{44780039-4DBB-4CBF-8277-790034810098}.Debug|Any CPU.Build.0 = Debug|Any CPU
		{44780039-4DBB-4CBF-8277-790034810098}.Release|Any CPU.ActiveCfg = Release|Any CPU
		{44780039-4DBB-4CBF-8277-790034810098}.Release|Any CPU.Build.0 = Release|Any CPU
		{5B6BC304-FBA0-446C-AA66-57C0011003A5}.Debug|Any CPU.ActiveCfg = Debug|Any CPU
		{5B6BC304-FBA0-446C-AA66-57C0011003A5}.Debug|Any CPU.Build.0 = Debug|Any CPU
		{5B6BC304-FBA0-446C-AA66-57C0011003A5}.Release|Any CPU.ActiveCfg = Release|Any CPU
		{5B6BC304-FBA0-446C-AA66-57C0011003A5}.Release|Any CPU.Build.0 = Release|Any CPU
		{7DAB10CE-0A18-46A0-9F73-1872A54DA0E4}.Debug|Any CPU.ActiveCfg = Debug|Any CPU
		{7DAB10CE-0A18-46A0-9F73-1872A54DA0E4}.Debug|Any CPU.Build.0 = Debug|Any CPU
		{7DAB10CE-0A18-46A0-9F73-1872A54DA0E4}.Release|Any CPU.ActiveCfg = Release|Any CPU
		{7DAB10CE-0A18-46A0-9F73-1872A54DA0E4}.Release|Any CPU.Build.0 = Release|Any CPU
		{96F6B315-B510-4B2E-9CB0-8F9C50CBCD1A}.Debug|Any CPU.ActiveCfg = Debug|Any CPU
		{96F6B315-B510-4B2E-9CB0-8F9C50CBCD1A}.Debug|Any CPU.Build.0 = Debug|Any CPU
		{96F6B315-B510-4B2E-9CB0-8F9C50CBCD1A}.Release|Any CPU.ActiveCfg = Release|Any CPU
		{96F6B315-B510-4B2E-9CB0-8F9C50CBCD1A}.Release|Any CPU.Build.0 = Release|Any CPU
	EndGlobalSection
	GlobalSection(SolutionProperties) = preSolution
		HideSolutionNode = FALSE
	EndGlobalSection
	GlobalSection(NestedProjects) = preSolution
		{58EE39DF-1122-4A7B-A6A9-8AADC7DAB5D2} = {28FA60F1-F110-4884-9188-FE239574F0FD}
		{50727CC7-1047-41CB-AED1-85D5A9BB57E9} = {28FA60F1-F110-4884-9188-FE239574F0FD}
		{44780039-4DBB-4CBF-8277-790034810098} = {28FA60F1-F110-4884-9188-FE239574F0FD}
		{5B6BC304-FBA0-446C-AA66-57C0011003A5} = {28FA60F1-F110-4884-9188-FE239574F0FD}
		{7DAB10CE-0A18-46A0-9F73-1872A54DA0E4} = {28FA60F1-F110-4884-9188-FE239574F0FD}
		{96F6B315-B510-4B2E-9CB0-8F9C50CBCD1A} = {28FA60F1-F110-4884-9188-FE239574F0FD}
	EndGlobalSection
	GlobalSection(ExtensibilityGlobals) = postSolution
		SolutionGuid = {AD12BB5A-EB6A-4FA7-A0AD-BEA6178584F5}
	EndGlobalSection
EndGlobal
